
Microsoft Visual Studio Solution File, Format Version 12.00
# Visual Studio Version 16
VisualStudioVersion = 16.0.31019.35
MinimumVisualStudioVersion = 10.0.40219.1
Project("{FAE04EC0-301F-11D3-BF4B-00C04F79EFBC}") = "EvoltisTest", "EvoltisTest\EvoltisTest.csproj", "{9122C98B-7A1E-45E4-94F4-E529F10F1AFC}"
EndProject
Project("{FAE04EC0-301F-11D3-BF4B-00C04F79EFBC}") = "Models", "Models\Models.csproj", "{E96C37B6-86FE-4675-8215-76B5AAD374BF}"
EndProject
Project("{FAE04EC0-301F-11D3-BF4B-00C04F79EFBC}") = "Business", "Business\Business.csproj", "{B14B006F-1BEE-4BDD-BF74-3DFD4007443A}"
EndProject
Global
	GlobalSection(SolutionConfigurationPlatforms) = preSolution
		Debug|Any CPU = Debug|Any CPU
		Release|Any CPU = Release|Any CPU
	EndGlobalSection
	GlobalSection(ProjectConfigurationPlatforms) = postSolution
		{9122C98B-7A1E-45E4-94F4-E529F10F1AFC}.Debug|Any CPU.ActiveCfg = Debug|Any CPU
		{9122C98B-7A1E-45E4-94F4-E529F10F1AFC}.Debug|Any CPU.Build.0 = Debug|Any CPU
		{9122C98B-7A1E-45E4-94F4-E529F10F1AFC}.Release|Any CPU.ActiveCfg = Release|Any CPU
		{9122C98B-7A1E-45E4-94F4-E529F10F1AFC}.Release|Any CPU.Build.0 = Release|Any CPU
		{E96C37B6-86FE-4675-8215-76B5AAD374BF}.Debug|Any CPU.ActiveCfg = Debug|Any CPU
		{E96C37B6-86FE-4675-8215-76B5AAD374BF}.Debug|Any CPU.Build.0 = Debug|Any CPU
		{E96C37B6-86FE-4675-8215-76B5AAD374BF}.Release|Any CPU.ActiveCfg = Release|Any CPU
		{E96C37B6-86FE-4675-8215-76B5AAD374BF}.Release|Any CPU.Build.0 = Release|Any CPU
		{B14B006F-1BEE-4BDD-BF74-3DFD4007443A}.Debug|Any CPU.ActiveCfg = Debug|Any CPU
		{B14B006F-1BEE-4BDD-BF74-3DFD4007443A}.Debug|Any CPU.Build.0 = Debug|Any CPU
		{B14B006F-1BEE-4BDD-BF74-3DFD4007443A}.Release|Any CPU.ActiveCfg = Release|Any CPU
		{B14B006F-1BEE-4BDD-BF74-3DFD4007443A}.Release|Any CPU.Build.0 = Release|Any CPU
	EndGlobalSection
	GlobalSection(SolutionProperties) = preSolution
		HideSolutionNode = FALSE
	EndGlobalSection
	GlobalSection(ExtensibilityGlobals) = postSolution
		SolutionGuid = {2942CCE8-3934-4FDD-BA93-2559242534C1}
	EndGlobalSection
EndGlobal
